{
  "nodes": {
    "nixpkgs": {
      "locked": {
        "lastModified": 1720368505,
        "narHash": "sha256-5r0pInVo5d6Enti0YwUSQK4TebITypB42bWy5su3MrQ=",
        "owner": "NixOS",
        "repo": "nixpkgs",
        "rev": "ab82a9612aa45284d4adf69ee81871a389669a9e",
        "type": "github"
      },
      "original": {
        "owner": "NixOS",
        "ref": "nixpkgs-unstable",
        "repo": "nixpkgs",
        "type": "github"
      }
    },
    "root": {
      "inputs": {
        "nixpkgs": "nixpkgs"
      }
    }
  },
  "root": "root",
  "version": 7
}
